
Microsoft Visual Studio Solution File, Format Version 12.00
# Visual Studio Version 17
VisualStudioVersion = 17.9.34728.123
MinimumVisualStudioVersion = 10.0.40219.1
Project("{9A19103F-16F7-4668-BE54-9A1E7A4F7556}") = "WebAppSort", "WebAppSort\WebAppSort.csproj", "{5EA2521E-A008-4641-A070-E88DAC241D5F}"
EndProject
Project("{9A19103F-16F7-4668-BE54-9A1E7A4F7556}") = "Core.Services", "Core.Services\Core.Services.csproj", "{C85D938C-A02E-45D6-BF32-3CD91E5B3DDC}"
EndProject
Project("{9A19103F-16F7-4668-BE54-9A1E7A4F7556}") = "Core.Repositories", "Core.Repositories\Core.Repositories.csproj", "{B8B42943-FA93-44E9-AFF3-CBE4DC98BFA1}"
EndProject
Project("{9A19103F-16F7-4668-BE54-9A1E7A4F7556}") = "Core.Entities", "Core.Entities\Core.Entities.csproj", "{056D3B5F-9EDF-4705-B231-16AA9E905E97}"
EndProject
Project("{FAE04EC0-301F-11D3-BF4B-00C04F79EFBC}") = "Core.UnitTest", "Core.UnitTest\Core.UnitTest.csproj", "{FE0F438F-D2FA-4543-8494-11FE9FD8BC03}"
EndProject
Global
	GlobalSection(SolutionConfigurationPlatforms) = preSolution
		Debug|Any CPU = Debug|Any CPU
		Release|Any CPU = Release|Any CPU
	EndGlobalSection
	GlobalSection(ProjectConfigurationPlatforms) = postSolution
		{5EA2521E-A008-4641-A070-E88DAC241D5F}.Debug|Any CPU.ActiveCfg = Debug|Any CPU
		{5EA2521E-A008-4641-A070-E88DAC241D5F}.Debug|Any CPU.Build.0 = Debug|Any CPU
		{5EA2521E-A008-4641-A070-E88DAC241D5F}.Release|Any CPU.ActiveCfg = Release|Any CPU
		{5EA2521E-A008-4641-A070-E88DAC241D5F}.Release|Any CPU.Build.0 = Release|Any CPU
		{C85D938C-A02E-45D6-BF32-3CD91E5B3DDC}.Debug|Any CPU.ActiveCfg = Debug|Any CPU
		{C85D938C-A02E-45D6-BF32-3CD91E5B3DDC}.Debug|Any CPU.Build.0 = Debug|Any CPU
		{C85D938C-A02E-45D6-BF32-3CD91E5B3DDC}.Release|Any CPU.ActiveCfg = Release|Any CPU
		{C85D938C-A02E-45D6-BF32-3CD91E5B3DDC}.Release|Any CPU.Build.0 = Release|Any CPU
		{B8B42943-FA93-44E9-AFF3-CBE4DC98BFA1}.Debug|Any CPU.ActiveCfg = Debug|Any CPU
		{B8B42943-FA93-44E9-AFF3-CBE4DC98BFA1}.Debug|Any CPU.Build.0 = Debug|Any CPU
		{B8B42943-FA93-44E9-AFF3-CBE4DC98BFA1}.Release|Any CPU.ActiveCfg = Release|Any CPU
		{B8B42943-FA93-44E9-AFF3-CBE4DC98BFA1}.Release|Any CPU.Build.0 = Release|Any CPU
		{056D3B5F-9EDF-4705-B231-16AA9E905E97}.Debug|Any CPU.ActiveCfg = Debug|Any CPU
		{056D3B5F-9EDF-4705-B231-16AA9E905E97}.Debug|Any CPU.Build.0 = Debug|Any CPU
		{056D3B5F-9EDF-4705-B231-16AA9E905E97}.Release|Any CPU.ActiveCfg = Release|Any CPU
		{056D3B5F-9EDF-4705-B231-16AA9E905E97}.Release|Any CPU.Build.0 = Release|Any CPU
		{FE0F438F-D2FA-4543-8494-11FE9FD8BC03}.Debug|Any CPU.ActiveCfg = Debug|Any CPU
		{FE0F438F-D2FA-4543-8494-11FE9FD8BC03}.Debug|Any CPU.Build.0 = Debug|Any CPU
		{FE0F438F-D2FA-4543-8494-11FE9FD8BC03}.Release|Any CPU.ActiveCfg = Release|Any CPU
		{FE0F438F-D2FA-4543-8494-11FE9FD8BC03}.Release|Any CPU.Build.0 = Release|Any CPU
	EndGlobalSection
	GlobalSection(SolutionProperties) = preSolution
		HideSolutionNode = FALSE
	EndGlobalSection
	GlobalSection(ExtensibilityGlobals) = postSolution
		SolutionGuid = {4E34C996-4E72-4BB7-8CF5-5ECA5316381A}
	EndGlobalSection
EndGlobal
